
Microsoft Visual Studio Solution File, Format Version 12.00
# Visual Studio Version 16
VisualStudioVersion = 16.0.30204.135
MinimumVisualStudioVersion = 10.0.40219.1
Project("{FAE04EC0-301F-11D3-BF4B-00C04F79EFBC}") = "WebshopTracker", "WebshopTracker.csproj", "{0470D5C5-B3DB-4AB7-8DAD-4270F7388D56}"
EndProject
Global
	GlobalSection(SolutionConfigurationPlatforms) = preSolution
		Debug|Any CPU = Debug|Any CPU
		Release|Any CPU = Release|Any CPU
	EndGlobalSection
	GlobalSection(ProjectConfigurationPlatforms) = postSolution
		{0470D5C5-B3DB-4AB7-8DAD-4270F7388D56}.Debug|Any CPU.ActiveCfg = Debug|Any CPU
		{0470D5C5-B3DB-4AB7-8DAD-4270F7388D56}.Debug|Any CPU.Build.0 = Debug|Any CPU
		{0470D5C5-B3DB-4AB7-8DAD-4270F7388D56}.Release|Any CPU.ActiveCfg = Release|Any CPU
		{0470D5C5-B3DB-4AB7-8DAD-4270F7388D56}.Release|Any CPU.Build.0 = Release|Any CPU
	EndGlobalSection
	GlobalSection(SolutionProperties) = preSolution
		HideSolutionNode = FALSE
	EndGlobalSection
	GlobalSection(ExtensibilityGlobals) = postSolution
		SolutionGuid = {0AD03B4B-8FFF-497D-93BA-040ADDCA0A55}
	EndGlobalSection
EndGlobal
